
Microsoft Visual Studio Solution File, Format Version 12.00
# Visual Studio Version 16
VisualStudioVersion = 16.0.30114.105
MinimumVisualStudioVersion = 10.0.40219.1
Project("{2150E333-8FDC-42A3-9474-1A3956D46DE8}") = "applications", "applications", "{637EEB8A-3665-476F-A49F-34E7BA233DFC}"
EndProject
Project("{FAE04EC0-301F-11D3-BF4B-00C04F79EFBC}") = "Atomic.UnifiedAuth", "applications\Atomic.UnifiedAuth\Atomic.UnifiedAuth.csproj", "{A6F22C61-837F-4A58-858C-262D821525E1}"
EndProject
Global
	GlobalSection(SolutionConfigurationPlatforms) = preSolution
		Debug|Any CPU = Debug|Any CPU
		Debug|x64 = Debug|x64
		Debug|x86 = Debug|x86
		Release|Any CPU = Release|Any CPU
		Release|x64 = Release|x64
		Release|x86 = Release|x86
	EndGlobalSection
	GlobalSection(SolutionProperties) = preSolution
		HideSolutionNode = FALSE
	EndGlobalSection
	GlobalSection(NestedProjects) = preSolution
		{A6F22C61-837F-4A58-858C-262D821525E1} = {637EEB8A-3665-476F-A49F-34E7BA233DFC}
	EndGlobalSection
	GlobalSection(ProjectConfigurationPlatforms) = postSolution
		{A6F22C61-837F-4A58-858C-262D821525E1}.Debug|Any CPU.ActiveCfg = Debug|Any CPU
		{A6F22C61-837F-4A58-858C-262D821525E1}.Debug|Any CPU.Build.0 = Debug|Any CPU
		{A6F22C61-837F-4A58-858C-262D821525E1}.Debug|x64.ActiveCfg = Debug|Any CPU
		{A6F22C61-837F-4A58-858C-262D821525E1}.Debug|x64.Build.0 = Debug|Any CPU
		{A6F22C61-837F-4A58-858C-262D821525E1}.Debug|x86.ActiveCfg = Debug|Any CPU
		{A6F22C61-837F-4A58-858C-262D821525E1}.Debug|x86.Build.0 = Debug|Any CPU
		{A6F22C61-837F-4A58-858C-262D821525E1}.Release|Any CPU.ActiveCfg = Release|Any CPU
		{A6F22C61-837F-4A58-858C-262D821525E1}.Release|Any CPU.Build.0 = Release|Any CPU
		{A6F22C61-837F-4A58-858C-262D821525E1}.Release|x64.ActiveCfg = Release|Any CPU
		{A6F22C61-837F-4A58-858C-262D821525E1}.Release|x64.Build.0 = Release|Any CPU
		{A6F22C61-837F-4A58-858C-262D821525E1}.Release|x86.ActiveCfg = Release|Any CPU
		{A6F22C61-837F-4A58-858C-262D821525E1}.Release|x86.Build.0 = Release|Any CPU
	EndGlobalSection
EndGlobal
